<?xml version="1.0" encoding="utf-8"?>
<Project ToolsVersion="4.0" xmlns="http://schemas.microsoft.com/developer/msbuild/2003">
  <ItemGroup>
    <Filter Include="源文件">
      <UniqueIdentifier>{4FC737F1-C7A5-4376-A066-2A32D752A2FF}</UniqueIdentifier>
      <Extensions>cpp;c;cc;cxx;def;odl;idl;hpj;bat;asm;asmx</Extensions>
    </Filter>
    <Filter Include="头文件">
      <UniqueIdentifier>{93995380-89BD-4b04-88EB-625FBE52EBFB}</UniqueIdentifier>
      <Extensions>h;hh;hpp;hxx;hm;inl;inc;xsd</Extensions>
    </Filter>
    <Filter Include="资源文件">
      <UniqueIdentifier>{67DA6AB6-F800-4c08-8B7A-83BB121AAD01}</UniqueIdentifier>
      <Extensions>rc;ico;cur;bmp;dlg;rc2;rct;bin;rgs;gif;jpg;jpeg;jpe;resx;tiff;tif;png;wav;mfcribbon-ms</Extensions>
    </Filter>
  </ItemGroup>
  <ItemGroup>
    <ClInclude Include="TYPEDEFS.H">
      <Filter>头文件</Filter>
    </ClInclude>
    <ClInclude Include="C240.H">
      <Filter>头文件</Filter>
    </ClInclude>
    <ClInclude Include="CONSTANT.H">
      <Filter>头文件</Filter>
    </ClInclude>
    <ClInclude Include="SRM.h">
      <Filter>头文件</Filter>
    </ClInclude>
    <ClInclude Include="..\h\DSP281x_Adc.h">
      <Filter>头文件</Filter>
    </ClInclude>
    <ClInclude Include="..\h\DSP281x_CpuTimers.h">
      <Filter>头文件</Filter>
    </ClInclude>
    <ClInclude Include="..\h\DSP281x_DefaultIsr.h">
      <Filter>头文件</Filter>
    </ClInclude>
    <ClInclude Include="..\h\DSP281x_DevEmu.h">
      <Filter>头文件</Filter>
    </ClInclude>
    <ClInclude Include="..\h\DSP281x_Device.h">
      <Filter>头文件</Filter>
    </ClInclude>
    <ClInclude Include="..\h\DSP281x_ECan.h">
      <Filter>头文件</Filter>
    </ClInclude>
    <ClInclude Include="..\h\DSP281x_Ev.h">
      <Filter>头文件</Filter>
    </ClInclude>
    <ClInclude Include="..\h\DSP281x_GlobalPrototypes.h">
      <Filter>头文件</Filter>
    </ClInclude>
    <ClInclude Include="..\h\DSP281x_Gpio.h">
      <Filter>头文件</Filter>
    </ClInclude>
    <ClInclude Include="..\h\DSP281x_Mcbsp.h">
      <Filter>头文件</Filter>
    </ClInclude>
    <ClInclude Include="..\h\DSP281x_PieCtrl.h">
      <Filter>头文件</Filter>
    </ClInclude>
    <ClInclude Include="..\h\DSP281x_PieVect.h">
      <Filter>头文件</Filter>
    </ClInclude>
    <ClInclude Include="..\h\DSP281x_Sci.h">
      <Filter>头文件</Filter>
    </ClInclude>
    <ClInclude Include="..\h\DSP281x_Spi.h">
      <Filter>头文件</Filter>
    </ClInclude>
    <ClInclude Include="..\h\DSP281x_SysCtrl.h">
      <Filter>头文件</Filter>
    </ClInclude>
    <ClInclude Include="..\h\DSP281x_Xintf.h">
      <Filter>头文件</Filter>
    </ClInclude>
    <ClInclude Include="..\h\DSP281x_XIntrupt.h">
      <Filter>头文件</Filter>
    </ClInclude>
    <ClInclude Include="..\h\System.h">
      <Filter>头文件</Filter>
    </ClInclude>
  </ItemGroup>
  <ItemGroup>
    <ClCompile Include="Main.c">
      <Filter>源文件</Filter>
    </ClCompile>
    <ClCompile Include="srm.c">
      <Filter>源文件</Filter>
    </ClCompile>
    <ClCompile Include="Evmgr.c">
      <Filter>源文件</Filter>
    </ClCompile>
    <ClCompile Include="..\DSP281x_DefaultIsr.c">
      <Filter>源文件</Filter>
    </ClCompile>
    <ClCompile Include="..\DSP281x_GlobalVariableDefs.c">
      <Filter>源文件</Filter>
    </ClCompile>
    <ClCompile Include="..\DSP281x_MemCopy.c">
      <Filter>源文件</Filter>
    </ClCompile>
    <ClCompile Include="..\DSP281x_PieCtrl.c">
      <Filter>源文件</Filter>
    </ClCompile>
    <ClCompile Include="..\DSP281x_PieVect.c">
      <Filter>源文件</Filter>
    </ClCompile>
    <ClCompile Include="..\DSP281x_SysCtrl.c">
      <Filter>源文件</Filter>
    </ClCompile>
  </ItemGroup>
  <ItemGroup>
    <None Include="vectors.asm">
      <Filter>源文件</Filter>
    </None>
  </ItemGroup>
</Project>