<?xml version="1.0" encoding="utf-8"?>
<Project ToolsVersion="4.0" xmlns="http://schemas.microsoft.com/developer/msbuild/2003">
  <ItemGroup>
    <Filter Include="源文件">
      <UniqueIdentifier>{4FC737F1-C7A5-4376-A066-2A32D752A2FF}</UniqueIdentifier>
      <Extensions>cpp;c;cc;cxx;def;odl;idl;hpj;bat;asm;asmx</Extensions>
    </Filter>
    <Filter Include="头文件">
      <UniqueIdentifier>{93995380-89BD-4b04-88EB-625FBE52EBFB}</UniqueIdentifier>
      <Extensions>h;hh;hpp;hxx;hm;inl;inc;xsd</Extensions>
    </Filter>
    <Filter Include="资源文件">
      <UniqueIdentifier>{67DA6AB6-F800-4c08-8B7A-83BB121AAD01}</UniqueIdentifier>
      <Extensions>rc;ico;cur;bmp;dlg;rc2;rct;bin;rgs;gif;jpg;jpeg;jpe;resx;tiff;tif;png;wav;mfcribbon-ms</Extensions>
    </Filter>
  </ItemGroup>
  <ItemGroup>
    <ClCompile Include="DSP28_Adc.c">
      <Filter>源文件</Filter>
    </ClCompile>
    <ClCompile Include="DSP28_CpuTimers.c">
      <Filter>源文件</Filter>
    </ClCompile>
    <ClCompile Include="DSP28_DefaultIsr.c">
      <Filter>源文件</Filter>
    </ClCompile>
    <ClCompile Include="DSP28_ECan.c">
      <Filter>源文件</Filter>
    </ClCompile>
    <ClCompile Include="DSP28_Ev.c">
      <Filter>源文件</Filter>
    </ClCompile>
    <ClCompile Include="DSP28_GlobalVariableDefs.c">
      <Filter>源文件</Filter>
    </ClCompile>
    <ClCompile Include="DSP28_Gpio.c">
      <Filter>源文件</Filter>
    </ClCompile>
    <ClCompile Include="DSP28_InitPeripherals.c">
      <Filter>源文件</Filter>
    </ClCompile>
    <ClCompile Include="DSP28_Mcbsp.c">
      <Filter>源文件</Filter>
    </ClCompile>
    <ClCompile Include="DSP28_PieCtrl.c">
      <Filter>源文件</Filter>
    </ClCompile>
    <ClCompile Include="DSP28_PieVect.c">
      <Filter>源文件</Filter>
    </ClCompile>
    <ClCompile Include="DSP28_Sci.c">
      <Filter>源文件</Filter>
    </ClCompile>
    <ClCompile Include="DSP28_Spi.c">
      <Filter>源文件</Filter>
    </ClCompile>
    <ClCompile Include="DSP28_SysCtrl.c">
      <Filter>源文件</Filter>
    </ClCompile>
    <ClCompile Include="DSP28_Xintf.c">
      <Filter>源文件</Filter>
    </ClCompile>
    <ClCompile Include="DSP28_XIntrupt.c">
      <Filter>源文件</Filter>
    </ClCompile>
    <ClCompile Include="Evmgr.c">
      <Filter>源文件</Filter>
    </ClCompile>
    <ClCompile Include="main.c">
      <Filter>源文件</Filter>
    </ClCompile>
    <ClCompile Include="srm.c">
      <Filter>源文件</Filter>
    </ClCompile>
  </ItemGroup>
  <ItemGroup>
    <ClInclude Include="constant.h">
      <Filter>头文件</Filter>
    </ClInclude>
    <ClInclude Include="DSP28_Adc.h">
      <Filter>头文件</Filter>
    </ClInclude>
    <ClInclude Include="DSP28_CpuTimers.h">
      <Filter>头文件</Filter>
    </ClInclude>
    <ClInclude Include="DSP28_DefaultIsr.h">
      <Filter>头文件</Filter>
    </ClInclude>
    <ClInclude Include="DSP28_DevEmu.h">
      <Filter>头文件</Filter>
    </ClInclude>
    <ClInclude Include="DSP28_Device.h">
      <Filter>头文件</Filter>
    </ClInclude>
    <ClInclude Include="DSP28_ECan.h">
      <Filter>头文件</Filter>
    </ClInclude>
    <ClInclude Include="DSP28_Ev.h">
      <Filter>头文件</Filter>
    </ClInclude>
    <ClInclude Include="DSP28_GlobalPrototypes.h">
      <Filter>头文件</Filter>
    </ClInclude>
    <ClInclude Include="DSP28_Gpio.h">
      <Filter>头文件</Filter>
    </ClInclude>
    <ClInclude Include="DSP28_Mcbsp.h">
      <Filter>头文件</Filter>
    </ClInclude>
    <ClInclude Include="DSP28_PieCtrl.h">
      <Filter>头文件</Filter>
    </ClInclude>
    <ClInclude Include="DSP28_PieVect.h">
      <Filter>头文件</Filter>
    </ClInclude>
    <ClInclude Include="DSP28_Sci.h">
      <Filter>头文件</Filter>
    </ClInclude>
    <ClInclude Include="DSP28_Spi.h">
      <Filter>头文件</Filter>
    </ClInclude>
    <ClInclude Include="DSP28_SysCtrl.h">
      <Filter>头文件</Filter>
    </ClInclude>
    <ClInclude Include="DSP28_Xintf.h">
      <Filter>头文件</Filter>
    </ClInclude>
    <ClInclude Include="DSP28_XIntrupt.h">
      <Filter>头文件</Filter>
    </ClInclude>
    <ClInclude Include="srm.h">
      <Filter>头文件</Filter>
    </ClInclude>
    <ClInclude Include="System.h">
      <Filter>头文件</Filter>
    </ClInclude>
    <ClInclude Include="typedefs.h">
      <Filter>头文件</Filter>
    </ClInclude>
  </ItemGroup>
</Project>