
Microsoft Visual Studio Solution File, Format Version 12.00
# Visual Studio 2013
VisualStudioVersion = 12.0.30110.0
MinimumVisualStudioVersion = 10.0.40219.1
Project("{8BC9CEB8-8B4A-11D0-8D11-00A0C91BC942}") = "CCSSRM2812e", "CCSSRM2812e\CCSSRM2812e.vcxproj", "{A20733E2-E74B-4083-9D27-B95F0D246D93}"
EndProject
Global
	GlobalSection(SolutionConfigurationPlatforms) = preSolution
		Debug|Win32 = Debug|Win32
		Release|Win32 = Release|Win32
	EndGlobalSection
	GlobalSection(ProjectConfigurationPlatforms) = postSolution
		{A20733E2-E74B-4083-9D27-B95F0D246D93}.Debug|Win32.ActiveCfg = Debug|Win32
		{A20733E2-E74B-4083-9D27-B95F0D246D93}.Debug|Win32.Build.0 = Debug|Win32
		{A20733E2-E74B-4083-9D27-B95F0D246D93}.Release|Win32.ActiveCfg = Release|Win32
		{A20733E2-E74B-4083-9D27-B95F0D246D93}.Release|Win32.Build.0 = Release|Win32
	EndGlobalSection
	GlobalSection(SolutionProperties) = preSolution
		HideSolutionNode = FALSE
	EndGlobalSection
EndGlobal
